
Microsoft Visual Studio Solution File, Format Version 12.00
Project("{FAE04EC0-301F-11D3-BF4B-00C04F79EFBC}") = "aoc2021", "aoc2021.csproj", "{EDAD7465-5802-479E-89F9-C45CEA9D7F5B}"
EndProject
Global
	GlobalSection(SolutionConfigurationPlatforms) = preSolution
		Debug|Any CPU = Debug|Any CPU
		Release|Any CPU = Release|Any CPU
	EndGlobalSection
	GlobalSection(ProjectConfigurationPlatforms) = postSolution
		{EDAD7465-5802-479E-89F9-C45CEA9D7F5B}.Debug|Any CPU.ActiveCfg = Debug|Any CPU
		{EDAD7465-5802-479E-89F9-C45CEA9D7F5B}.Debug|Any CPU.Build.0 = Debug|Any CPU
		{EDAD7465-5802-479E-89F9-C45CEA9D7F5B}.Release|Any CPU.ActiveCfg = Release|Any CPU
		{EDAD7465-5802-479E-89F9-C45CEA9D7F5B}.Release|Any CPU.Build.0 = Release|Any CPU
	EndGlobalSection
EndGlobal
